// !$*UTF8*$!
{
	archiveVersion = 1;
	classes = {
	};
	objectVersion = 50;
	objects = {

/* Begin PBXBuildFile section */
		68A0DBAFFC370898142A6D0C /* Pods_BusinessCards.framework in Frameworks */ = {isa = PBXBuildFile; fileRef = 66C1CF9D557473FC9464EEF7 /* Pods_BusinessCards.framework */; };
		AC2D6F6B226B95F1007184DC /* DetailOfCard.storyboard in Resources */ = {isa = PBXBuildFile; fileRef = AC2D6F6A226B95F0007184DC /* DetailOfCard.storyboard */; };
		AC46C9C22264FB390049E653 /* AppDelegate.swift in Sources */ = {isa = PBXBuildFile; fileRef = AC46C9C12264FB390049E653 /* AppDelegate.swift */; };
		AC46C9C42264FB390049E653 /* ViewController.swift in Sources */ = {isa = PBXBuildFile; fileRef = AC46C9C32264FB390049E653 /* ViewController.swift */; };
		AC46C9C72264FB390049E653 /* Main.storyboard in Resources */ = {isa = PBXBuildFile; fileRef = AC46C9C52264FB390049E653 /* Main.storyboard */; };
		AC46C9CC2264FB3B0049E653 /* LaunchScreen.storyboard in Resources */ = {isa = PBXBuildFile; fileRef = AC46C9CA2264FB3B0049E653 /* LaunchScreen.storyboard */; };
		AC8F8B47226B946B00EDD8E4 /* String.swift in Sources */ = {isa = PBXBuildFile; fileRef = AC8F8B46226B946B00EDD8E4 /* String.swift */; };
		AC8F8B4E226B947C00EDD8E4 /* ActionsTableViewController.swift in Sources */ = {isa = PBXBuildFile; fileRef = AC8F8B49226B947C00EDD8E4 /* ActionsTableViewController.swift */; };
		AC8F8B4F226B947C00EDD8E4 /* ViewControllerDetailInformationAboutCard.swift in Sources */ = {isa = PBXBuildFile; fileRef = AC8F8B4A226B947C00EDD8E4 /* ViewControllerDetailInformationAboutCard.swift */; };
		AC8F8B50226B947C00EDD8E4 /* CardView.swift in Sources */ = {isa = PBXBuildFile; fileRef = AC8F8B4C226B947C00EDD8E4 /* CardView.swift */; };
		AC8F8B51226B947C00EDD8E4 /* CardView.xib in Resources */ = {isa = PBXBuildFile; fileRef = AC8F8B4D226B947C00EDD8E4 /* CardView.xib */; };
		AC8F8B55226B948800EDD8E4 /* DBServiceProtocol.swift in Sources */ = {isa = PBXBuildFile; fileRef = AC8F8B53226B948800EDD8E4 /* DBServiceProtocol.swift */; };
		AC8F8B56226B948800EDD8E4 /* DBService.swift in Sources */ = {isa = PBXBuildFile; fileRef = AC8F8B54226B948800EDD8E4 /* DBService.swift */; };
		AC8F8B59226B949300EDD8E4 /* CardRecord.swift in Sources */ = {isa = PBXBuildFile; fileRef = AC8F8B57226B949300EDD8E4 /* CardRecord.swift */; };
		AC8F8B5A226B949300EDD8E4 /* CategoryRecord.swift in Sources */ = {isa = PBXBuildFile; fileRef = AC8F8B58226B949300EDD8E4 /* CategoryRecord.swift */; };
		AC8F8B5C226B949F00EDD8E4 /* Assets.xcassets in Resources */ = {isa = PBXBuildFile; fileRef = AC8F8B5B226B949F00EDD8E4 /* Assets.xcassets */; };
/* End PBXBuildFile section */

/* Begin PBXFileReference section */
		37A58B8C0743B5AB58051821 /* Pods-BusinessCards.release.xcconfig */ = {isa = PBXFileReference; includeInIndex = 1; lastKnownFileType = text.xcconfig; name = "Pods-BusinessCards.release.xcconfig"; path = "Target Support Files/Pods-BusinessCards/Pods-BusinessCards.release.xcconfig"; sourceTree = "<group>"; };
		66C1CF9D557473FC9464EEF7 /* Pods_BusinessCards.framework */ = {isa = PBXFileReference; explicitFileType = wrapper.framework; includeInIndex = 0; path = Pods_BusinessCards.framework; sourceTree = BUILT_PRODUCTS_DIR; };
		8C08E609D1ED3F42079EA115 /* Pods-BusinessCards.debug.xcconfig */ = {isa = PBXFileReference; includeInIndex = 1; lastKnownFileType = text.xcconfig; name = "Pods-BusinessCards.debug.xcconfig"; path = "Target Support Files/Pods-BusinessCards/Pods-BusinessCards.debug.xcconfig"; sourceTree = "<group>"; };
		AC2D6F6A226B95F0007184DC /* DetailOfCard.storyboard */ = {isa = PBXFileReference; fileEncoding = 4; lastKnownFileType = file.storyboard; path = DetailOfCard.storyboard; sourceTree = "<group>"; };
		AC46C9BE2264FB390049E653 /* BusinessCards.app */ = {isa = PBXFileReference; explicitFileType = wrapper.application; includeInIndex = 0; path = BusinessCards.app; sourceTree = BUILT_PRODUCTS_DIR; };
		AC46C9C12264FB390049E653 /* AppDelegate.swift */ = {isa = PBXFileReference; lastKnownFileType = sourcecode.swift; path = AppDelegate.swift; sourceTree = "<group>"; };
		AC46C9C32264FB390049E653 /* ViewController.swift */ = {isa = PBXFileReference; lastKnownFileType = sourcecode.swift; path = ViewController.swift; sourceTree = "<group>"; };
		AC46C9C62264FB390049E653 /* Base */ = {isa = PBXFileReference; lastKnownFileType = file.storyboard; name = Base; path = Base.lproj/Main.storyboard; sourceTree = "<group>"; };
		AC46C9CB2264FB3B0049E653 /* Base */ = {isa = PBXFileReference; lastKnownFileType = file.storyboard; name = Base; path = Base.lproj/LaunchScreen.storyboard; sourceTree = "<group>"; };
		AC46C9CD2264FB3B0049E653 /* Info.plist */ = {isa = PBXFileReference; lastKnownFileType = text.plist.xml; path = Info.plist; sourceTree = "<group>"; };
		AC8F8B46226B946B00EDD8E4 /* String.swift */ = {isa = PBXFileReference; fileEncoding = 4; lastKnownFileType = sourcecode.swift; path = String.swift; sourceTree = "<group>"; };
		AC8F8B49226B947C00EDD8E4 /* ActionsTableViewController.swift */ = {isa = PBXFileReference; fileEncoding = 4; lastKnownFileType = sourcecode.swift; path = ActionsTableViewController.swift; sourceTree = "<group>"; };
		AC8F8B4A226B947C00EDD8E4 /* ViewControllerDetailInformationAboutCard.swift */ = {isa = PBXFileReference; fileEncoding = 4; lastKnownFileType = sourcecode.swift; path = ViewControllerDetailInformationAboutCard.swift; sourceTree = "<group>"; };
		AC8F8B4C226B947C00EDD8E4 /* CardView.swift */ = {isa = PBXFileReference; fileEncoding = 4; lastKnownFileType = sourcecode.swift; path = CardView.swift; sourceTree = "<group>"; };
		AC8F8B4D226B947C00EDD8E4 /* CardView.xib */ = {isa = PBXFileReference; fileEncoding = 4; lastKnownFileType = file.xib; path = CardView.xib; sourceTree = "<group>"; };
		AC8F8B53226B948800EDD8E4 /* DBServiceProtocol.swift */ = {isa = PBXFileReference; fileEncoding = 4; lastKnownFileType = sourcecode.swift; path = DBServiceProtocol.swift; sourceTree = "<group>"; };
		AC8F8B54226B948800EDD8E4 /* DBService.swift */ = {isa = PBXFileReference; fileEncoding = 4; lastKnownFileType = sourcecode.swift; path = DBService.swift; sourceTree = "<group>"; };
		AC8F8B57226B949300EDD8E4 /* CardRecord.swift */ = {isa = PBXFileReference; fileEncoding = 4; lastKnownFileType = sourcecode.swift; path = CardRecord.swift; sourceTree = "<group>"; };
		AC8F8B58226B949300EDD8E4 /* CategoryRecord.swift */ = {isa = PBXFileReference; fileEncoding = 4; lastKnownFileType = sourcecode.swift; path = CategoryRecord.swift; sourceTree = "<group>"; };
		AC8F8B5B226B949F00EDD8E4 /* Assets.xcassets */ = {isa = PBXFileReference; lastKnownFileType = folder.assetcatalog; path = Assets.xcassets; sourceTree = "<group>"; };
/* End PBXFileReference section */

/* Begin PBXFrameworksBuildPhase section */
		AC46C9BB2264FB390049E653 /* Frameworks */ = {
			isa = PBXFrameworksBuildPhase;
			buildActionMask = 2147483647;
			files = (
				68A0DBAFFC370898142A6D0C /* Pods_BusinessCards.framework in Frameworks */,
			);
			runOnlyForDeploymentPostprocessing = 0;
		};
/* End PBXFrameworksBuildPhase section */

/* Begin PBXGroup section */
		58A9DE39D0C34DC72ADD64A6 /* Frameworks */ = {
			isa = PBXGroup;
			children = (
				66C1CF9D557473FC9464EEF7 /* Pods_BusinessCards.framework */,
			);
			name = Frameworks;
			sourceTree = "<group>";
		};
		89D3F38BF9894CB072AB002C /* Pods */ = {
			isa = PBXGroup;
			children = (
				8C08E609D1ED3F42079EA115 /* Pods-BusinessCards.debug.xcconfig */,
				37A58B8C0743B5AB58051821 /* Pods-BusinessCards.release.xcconfig */,
			);
			path = Pods;
			sourceTree = "<group>";
		};
		AC46C9B52264FB390049E653 = {
			isa = PBXGroup;
			children = (
				AC46C9C02264FB390049E653 /* BusinessCards */,
				AC46C9BF2264FB390049E653 /* Products */,
				89D3F38BF9894CB072AB002C /* Pods */,
				58A9DE39D0C34DC72ADD64A6 /* Frameworks */,
			);
			sourceTree = "<group>";
		};
		AC46C9BF2264FB390049E653 /* Products */ = {
			isa = PBXGroup;
			children = (
				AC46C9BE2264FB390049E653 /* BusinessCards.app */,
			);
			name = Products;
			sourceTree = "<group>";
		};
		AC46C9C02264FB390049E653 /* BusinessCards */ = {
			isa = PBXGroup;
			children = (
				AC8F8B45226B946B00EDD8E4 /* Extension */,
				F78B49AC22650A0E007B1873 /* Storyboards */,
				F78B49AB22650A08007B1873 /* Controllers */,
				F78B49AA22650A00007B1873 /* Services */,
				F78B49A9226509FC007B1873 /* Models */,
				F78B49A8226509ED007B1873 /* Resources */,
			);
			path = BusinessCards;
			sourceTree = "<group>";
		};
		AC8F8B45226B946B00EDD8E4 /* Extension */ = {
			isa = PBXGroup;
			children = (
				AC8F8B46226B946B00EDD8E4 /* String.swift */,
			);
			path = Extension;
			sourceTree = "<group>";
		};
		AC8F8B48226B947C00EDD8E4 /* DetailInformationAboutCard */ = {
			isa = PBXGroup;
			children = (
				AC8F8B49226B947C00EDD8E4 /* ActionsTableViewController.swift */,
				AC8F8B4A226B947C00EDD8E4 /* ViewControllerDetailInformationAboutCard.swift */,
				AC8F8B4B226B947C00EDD8E4 /* Сard */,
			);
			path = DetailInformationAboutCard;
			sourceTree = "<group>";
		};
		AC8F8B4B226B947C00EDD8E4 /* Сard */ = {
			isa = PBXGroup;
			children = (
				AC8F8B4C226B947C00EDD8E4 /* CardView.swift */,
				AC8F8B4D226B947C00EDD8E4 /* CardView.xib */,
			);
			path = "Сard";
			sourceTree = "<group>";
		};
		AC8F8B52226B948800EDD8E4 /* Protocols */ = {
			isa = PBXGroup;
			children = (
				AC8F8B53226B948800EDD8E4 /* DBServiceProtocol.swift */,
			);
			path = Protocols;
			sourceTree = "<group>";
		};
		F78B49A8226509ED007B1873 /* Resources */ = {
			isa = PBXGroup;
			children = (
				AC8F8B5B226B949F00EDD8E4 /* Assets.xcassets */,
				AC46C9CD2264FB3B0049E653 /* Info.plist */,
				AC46C9C12264FB390049E653 /* AppDelegate.swift */,
			);
			path = Resources;
			sourceTree = "<group>";
		};
		F78B49A9226509FC007B1873 /* Models */ = {
			isa = PBXGroup;
			children = (
				AC8F8B57226B949300EDD8E4 /* CardRecord.swift */,
				AC8F8B58226B949300EDD8E4 /* CategoryRecord.swift */,
			);
			path = Models;
			sourceTree = "<group>";
		};
		F78B49AA22650A00007B1873 /* Services */ = {
			isa = PBXGroup;
			children = (
				AC8F8B54226B948800EDD8E4 /* DBService.swift */,
				AC8F8B52226B948800EDD8E4 /* Protocols */,
			);
			path = Services;
			sourceTree = "<group>";
		};
		F78B49AB22650A08007B1873 /* Controllers */ = {
			isa = PBXGroup;
			children = (
				AC8F8B48226B947C00EDD8E4 /* DetailInformationAboutCard */,
				AC46C9C32264FB390049E653 /* ViewController.swift */,
			);
			path = Controllers;
			sourceTree = "<group>";
		};
		F78B49AC22650A0E007B1873 /* Storyboards */ = {
			isa = PBXGroup;
			children = (
				AC2D6F6A226B95F0007184DC /* DetailOfCard.storyboard */,
				AC46C9C52264FB390049E653 /* Main.storyboard */,
				AC46C9CA2264FB3B0049E653 /* LaunchScreen.storyboard */,
			);
			path = Storyboards;
			sourceTree = "<group>";
		};
/* End PBXGroup section */

/* Begin PBXNativeTarget section */
		AC46C9BD2264FB390049E653 /* BusinessCards */ = {
			isa = PBXNativeTarget;
			buildConfigurationList = AC46C9D02264FB3B0049E653 /* Build configuration list for PBXNativeTarget "BusinessCards" */;
			buildPhases = (
				B16761790B410B6147FE78D9 /* [CP] Check Pods Manifest.lock */,
				AC46C9BA2264FB390049E653 /* Sources */,
				AC46C9BB2264FB390049E653 /* Frameworks */,
				AC46C9BC2264FB390049E653 /* Resources */,
				4A43491CE0837B44E4B26C57 /* [CP] Embed Pods Frameworks */,
				AC871EE0227780A60072E530 /* Swiftlint */,
			);
			buildRules = (
			);
			dependencies = (
			);
			name = BusinessCards;
			productName = BusinessCards;
			productReference = AC46C9BE2264FB390049E653 /* BusinessCards.app */;
			productType = "com.apple.product-type.application";
		};
/* End PBXNativeTarget section */

/* Begin PBXProject section */
		AC46C9B62264FB390049E653 /* Project object */ = {
			isa = PBXProject;
			attributes = {
				LastSwiftUpdateCheck = 1010;
				LastUpgradeCheck = 1010;
				ORGANIZATIONNAME = "Artem Boltunov";
				TargetAttributes = {
					AC46C9BD2264FB390049E653 = {
						CreatedOnToolsVersion = 10.1;
					};
				};
			};
			buildConfigurationList = AC46C9B92264FB390049E653 /* Build configuration list for PBXProject "BusinessCards" */;
			compatibilityVersion = "Xcode 9.3";
			developmentRegion = en;
			hasScannedForEncodings = 0;
			knownRegions = (
				en,
				Base,
			);
			mainGroup = AC46C9B52264FB390049E653;
			productRefGroup = AC46C9BF2264FB390049E653 /* Products */;
			projectDirPath = "";
			projectRoot = "";
			targets = (
				AC46C9BD2264FB390049E653 /* BusinessCards */,
			);
		};
/* End PBXProject section */

/* Begin PBXResourcesBuildPhase section */
		AC46C9BC2264FB390049E653 /* Resources */ = {
			isa = PBXResourcesBuildPhase;
			buildActionMask = 2147483647;
			files = (
				AC2D6F6B226B95F1007184DC /* DetailOfCard.storyboard in Resources */,
				AC46C9CC2264FB3B0049E653 /* LaunchScreen.storyboard in Resources */,
				AC8F8B51226B947C00EDD8E4 /* CardView.xib in Resources */,
				AC46C9C72264FB390049E653 /* Main.storyboard in Resources */,
				AC8F8B5C226B949F00EDD8E4 /* Assets.xcassets in Resources */,
			);
			runOnlyForDeploymentPostprocessing = 0;
		};
/* End PBXResourcesBuildPhase section */

/* Begin PBXShellScriptBuildPhase section */
		4A43491CE0837B44E4B26C57 /* [CP] Embed Pods Frameworks */ = {
			isa = PBXShellScriptBuildPhase;
			buildActionMask = 2147483647;
			files = (
			);
			inputFileListPaths = (
			);
			inputPaths = (
				"${PODS_ROOT}/Target Support Files/Pods-BusinessCards/Pods-BusinessCards-frameworks.sh",
				"${BUILT_PRODUCTS_DIR}/Realm/Realm.framework",
				"${BUILT_PRODUCTS_DIR}/RealmSwift/RealmSwift.framework",
			);
			name = "[CP] Embed Pods Frameworks";
			outputFileListPaths = (
			);
			outputPaths = (
				"${TARGET_BUILD_DIR}/${FRAMEWORKS_FOLDER_PATH}/Realm.framework",
				"${TARGET_BUILD_DIR}/${FRAMEWORKS_FOLDER_PATH}/RealmSwift.framework",
			);
			runOnlyForDeploymentPostprocessing = 0;
			shellPath = /bin/sh;
			shellScript = "\"${PODS_ROOT}/Target Support Files/Pods-BusinessCards/Pods-BusinessCards-frameworks.sh\"\n";
			showEnvVarsInLog = 0;
		};
		AC871EE0227780A60072E530 /* Swiftlint */ = {
			isa = PBXShellScriptBuildPhase;
			buildActionMask = 2147483647;
			files = (
			);
			inputFileListPaths = (
			);
			inputPaths = (
			);
			name = Swiftlint;
			outputFileListPaths = (
			);
			outputPaths = (
			);
			runOnlyForDeploymentPostprocessing = 0;
			shellPath = /bin/sh;
			shellScript = "# Type a script or drag a script file from your workspace to insert its path.\n${PODS_ROOT}/SwiftLint/swiftlint\n";
		};
		B16761790B410B6147FE78D9 /* [CP] Check Pods Manifest.lock */ = {
			isa = PBXShellScriptBuildPhase;
			buildActionMask = 2147483647;
			files = (
			);
			inputFileListPaths = (
			);
			inputPaths = (
				"${PODS_PODFILE_DIR_PATH}/Podfile.lock",
				"${PODS_ROOT}/Manifest.lock",
			);
			name = "[CP] Check Pods Manifest.lock";
			outputFileListPaths = (
			);
			outputPaths = (
				"$(DERIVED_FILE_DIR)/Pods-BusinessCards-checkManifestLockResult.txt",
			);
			runOnlyForDeploymentPostprocessing = 0;
			shellPath = /bin/sh;
			shellScript = "diff \"${PODS_PODFILE_DIR_PATH}/Podfile.lock\" \"${PODS_ROOT}/Manifest.lock\" > /dev/null\nif [ $? != 0 ] ; then\n    # print error to STDERR\n    echo \"error: The sandbox is not in sync with the Podfile.lock. Run 'pod install' or update your CocoaPods installation.\" >&2\n    exit 1\nfi\n# This output is used by Xcode 'outputs' to avoid re-running this script phase.\necho \"SUCCESS\" > \"${SCRIPT_OUTPUT_FILE_0}\"\n";
			showEnvVarsInLog = 0;
		};
/* End PBXShellScriptBuildPhase section */

/* Begin PBXSourcesBuildPhase section */
		AC46C9BA2264FB390049E653 /* Sources */ = {
			isa = PBXSourcesBuildPhase;
			buildActionMask = 2147483647;
			files = (
				AC8F8B47226B946B00EDD8E4 /* String.swift in Sources */,
				AC8F8B56226B948800EDD8E4 /* DBService.swift in Sources */,
				AC46C9C42264FB390049E653 /* ViewController.swift in Sources */,
				AC8F8B4E226B947C00EDD8E4 /* ActionsTableViewController.swift in Sources */,
				AC46C9C22264FB390049E653 /* AppDelegate.swift in Sources */,
				AC8F8B50226B947C00EDD8E4 /* CardView.swift in Sources */,
				AC8F8B5A226B949300EDD8E4 /* CategoryRecord.swift in Sources */,
				AC8F8B55226B948800EDD8E4 /* DBServiceProtocol.swift in Sources */,
				AC8F8B4F226B947C00EDD8E4 /* ViewControllerDetailInformationAboutCard.swift in Sources */,
				AC8F8B59226B949300EDD8E4 /* CardRecord.swift in Sources */,
			);
			runOnlyForDeploymentPostprocessing = 0;
		};
/* End PBXSourcesBuildPhase section */

/* Begin PBXVariantGroup section */
		AC46C9C52264FB390049E653 /* Main.storyboard */ = {
			isa = PBXVariantGroup;
			children = (
				AC46C9C62264FB390049E653 /* Base */,
			);
			name = Main.storyboard;
			sourceTree = "<group>";
		};
		AC46C9CA2264FB3B0049E653 /* LaunchScreen.storyboard */ = {
			isa = PBXVariantGroup;
			children = (
				AC46C9CB2264FB3B0049E653 /* Base */,
			);
			name = LaunchScreen.storyboard;
			sourceTree = "<group>";
		};
/* End PBXVariantGroup section */

/* Begin XCBuildConfiguration section */
		AC46C9CE2264FB3B0049E653 /* Debug */ = {
			isa = XCBuildConfiguration;
			buildSettings = {
				ALWAYS_SEARCH_USER_PATHS = NO;
				CLANG_ANALYZER_NONNULL = YES;
				CLANG_ANALYZER_NUMBER_OBJECT_CONVERSION = YES_AGGRESSIVE;
				CLANG_CXX_LANGUAGE_STANDARD = "gnu++14";
				CLANG_CXX_LIBRARY = "libc++";
				CLANG_ENABLE_MODULES = YES;
				CLANG_ENABLE_OBJC_ARC = YES;
				CLANG_ENABLE_OBJC_WEAK = YES;
				CLANG_WARN_BLOCK_CAPTURE_AUTORELEASING = YES;
				CLANG_WARN_BOOL_CONVERSION = YES;
				CLANG_WARN_COMMA = YES;
				CLANG_WARN_CONSTANT_CONVERSION = YES;
				CLANG_WARN_DEPRECATED_OBJC_IMPLEMENTATIONS = YES;
				CLANG_WARN_DIRECT_OBJC_ISA_USAGE = YES_ERROR;
				CLANG_WARN_DOCUMENTATION_COMMENTS = YES;
				CLANG_WARN_EMPTY_BODY = YES;
				CLANG_WARN_ENUM_CONVERSION = YES;
				CLANG_WARN_INFINITE_RECURSION = YES;
				CLANG_WARN_INT_CONVERSION = YES;
				CLANG_WARN_NON_LITERAL_NULL_CONVERSION = YES;
				CLANG_WARN_OBJC_IMPLICIT_RETAIN_SELF = YES;
				CLANG_WARN_OBJC_LITERAL_CONVERSION = YES;
				CLANG_WARN_OBJC_ROOT_CLASS = YES_ERROR;
				CLANG_WARN_RANGE_LOOP_ANALYSIS = YES;
				CLANG_WARN_STRICT_PROTOTYPES = YES;
				CLANG_WARN_SUSPICIOUS_MOVE = YES;
				CLANG_WARN_UNGUARDED_AVAILABILITY = YES_AGGRESSIVE;
				CLANG_WARN_UNREACHABLE_CODE = YES;
				CLANG_WARN__DUPLICATE_METHOD_MATCH = YES;
				CODE_SIGN_IDENTITY = "iPhone Developer";
				COPY_PHASE_STRIP = NO;
				DEBUG_INFORMATION_FORMAT = dwarf;
				ENABLE_STRICT_OBJC_MSGSEND = YES;
				ENABLE_TESTABILITY = YES;
				GCC_C_LANGUAGE_STANDARD = gnu11;
				GCC_DYNAMIC_NO_PIC = NO;
				GCC_NO_COMMON_BLOCKS = YES;
				GCC_OPTIMIZATION_LEVEL = 0;
				GCC_PREPROCESSOR_DEFINITIONS = (
					"DEBUG=1",
					"$(inherited)",
				);
				GCC_WARN_64_TO_32_BIT_CONVERSION = YES;
				GCC_WARN_ABOUT_RETURN_TYPE = YES_ERROR;
				GCC_WARN_UNDECLARED_SELECTOR = YES;
				GCC_WARN_UNINITIALIZED_AUTOS = YES_AGGRESSIVE;
				GCC_WARN_UNUSED_FUNCTION = YES;
				GCC_WARN_UNUSED_VARIABLE = YES;
				IPHONEOS_DEPLOYMENT_TARGET = 12.0;
				MTL_ENABLE_DEBUG_INFO = INCLUDE_SOURCE;
				MTL_FAST_MATH = YES;
				ONLY_ACTIVE_ARCH = YES;
				SDKROOT = iphoneos;
				SWIFT_ACTIVE_COMPILATION_CONDITIONS = DEBUG;
				SWIFT_OPTIMIZATION_LEVEL = "-Onone";
			};
			name = Debug;
		};
		AC46C9CF2264FB3B0049E653 /* Release */ = {
			isa = XCBuildConfiguration;
			buildSettings = {
				ALWAYS_SEARCH_USER_PATHS = NO;
				CLANG_ANALYZER_NONNULL = YES;
				CLANG_ANALYZER_NUMBER_OBJECT_CONVERSION = YES_AGGRESSIVE;
				CLANG_CXX_LANGUAGE_STANDARD = "gnu++14";
				CLANG_CXX_LIBRARY = "libc++";
				CLANG_ENABLE_MODULES = YES;
				CLANG_ENABLE_OBJC_ARC = YES;
				CLANG_ENABLE_OBJC_WEAK = YES;
				CLANG_WARN_BLOCK_CAPTURE_AUTORELEASING = YES;
				CLANG_WARN_BOOL_CONVERSION = YES;
				CLANG_WARN_COMMA = YES;
				CLANG_WARN_CONSTANT_CONVERSION = YES;
				CLANG_WARN_DEPRECATED_OBJC_IMPLEMENTATIONS = YES;
				CLANG_WARN_DIRECT_OBJC_ISA_USAGE = YES_ERROR;
				CLANG_WARN_DOCUMENTATION_COMMENTS = YES;
				CLANG_WARN_EMPTY_BODY = YES;
				CLANG_WARN_ENUM_CONVERSION = YES;
				CLANG_WARN_INFINITE_RECURSION = YES;
				CLANG_WARN_INT_CONVERSION = YES;
				CLANG_WARN_NON_LITERAL_NULL_CONVERSION = YES;
				CLANG_WARN_OBJC_IMPLICIT_RETAIN_SELF = YES;
				CLANG_WARN_OBJC_LITERAL_CONVERSION = YES;
				CLANG_WARN_OBJC_ROOT_CLASS = YES_ERROR;
				CLANG_WARN_RANGE_LOOP_ANALYSIS = YES;
				CLANG_WARN_STRICT_PROTOTYPES = YES;
				CLANG_WARN_SUSPICIOUS_MOVE = YES;
				CLANG_WARN_UNGUARDED_AVAILABILITY = YES_AGGRESSIVE;
				CLANG_WARN_UNREACHABLE_CODE = YES;
				CLANG_WARN__DUPLICATE_METHOD_MATCH = YES;
				CODE_SIGN_IDENTITY = "iPhone Developer";
				COPY_PHASE_STRIP = NO;
				DEBUG_INFORMATION_FORMAT = "dwarf-with-dsym";
				ENABLE_NS_ASSERTIONS = NO;
				ENABLE_STRICT_OBJC_MSGSEND = YES;
				GCC_C_LANGUAGE_STANDARD = gnu11;
				GCC_NO_COMMON_BLOCKS = YES;
				GCC_WARN_64_TO_32_BIT_CONVERSION = YES;
				GCC_WARN_ABOUT_RETURN_TYPE = YES_ERROR;
				GCC_WARN_UNDECLARED_SELECTOR = YES;
				GCC_WARN_UNINITIALIZED_AUTOS = YES_AGGRESSIVE;
				GCC_WARN_UNUSED_FUNCTION = YES;
				GCC_WARN_UNUSED_VARIABLE = YES;
				IPHONEOS_DEPLOYMENT_TARGET = 12.0;
				MTL_ENABLE_DEBUG_INFO = NO;
				MTL_FAST_MATH = YES;
				SDKROOT = iphoneos;
				SWIFT_COMPILATION_MODE = wholemodule;
				SWIFT_OPTIMIZATION_LEVEL = "-O";
				VALIDATE_PRODUCT = YES;
			};
			name = Release;
		};
		AC46C9D12264FB3B0049E653 /* Debug */ = {
			isa = XCBuildConfiguration;
			baseConfigurationReference = 8C08E609D1ED3F42079EA115 /* Pods-BusinessCards.debug.xcconfig */;
			buildSettings = {
				ASSETCATALOG_COMPILER_APPICON_NAME = AppIcon;
				CODE_SIGN_STYLE = Automatic;
				DEVELOPMENT_TEAM = 7S5RDK7P3Q;
				INFOPLIST_FILE = BusinessCards/Resources/Info.plist;
				LD_RUNPATH_SEARCH_PATHS = (
					"$(inherited)",
					"@executable_path/Frameworks",
				);
				PRODUCT_BUNDLE_IDENTIFIER = com.artem.BusinessCards;
				PRODUCT_NAME = "$(TARGET_NAME)";
				SWIFT_VERSION = 4.2;
				TARGETED_DEVICE_FAMILY = "1,2";
			};
			name = Debug;
		};
		AC46C9D22264FB3B0049E653 /* Release */ = {
			isa = XCBuildConfiguration;
			baseConfigurationReference = 37A58B8C0743B5AB58051821 /* Pods-BusinessCards.release.xcconfig */;
			buildSettings = {
				ASSETCATALOG_COMPILER_APPICON_NAME = AppIcon;
				CODE_SIGN_STYLE = Automatic;
				DEVELOPMENT_TEAM = 7S5RDK7P3Q;
				INFOPLIST_FILE = BusinessCards/Resources/Info.plist;
				LD_RUNPATH_SEARCH_PATHS = (
					"$(inherited)",
					"@executable_path/Frameworks",
				);
				PRODUCT_BUNDLE_IDENTIFIER = com.artem.BusinessCards;
				PRODUCT_NAME = "$(TARGET_NAME)";
				SWIFT_VERSION = 4.2;
				TARGETED_DEVICE_FAMILY = "1,2";
			};
			name = Release;
		};
/* End XCBuildConfiguration section */

/* Begin XCConfigurationList section */
		AC46C9B92264FB390049E653 /* Build configuration list for PBXProject "BusinessCards" */ = {
			isa = XCConfigurationList;
			buildConfigurations = (
				AC46C9CE2264FB3B0049E653 /* Debug */,
				AC46C9CF2264FB3B0049E653 /* Release */,
			);
			defaultConfigurationIsVisible = 0;
			defaultConfigurationName = Release;
		};
		AC46C9D02264FB3B0049E653 /* Build configuration list for PBXNativeTarget "BusinessCards" */ = {
			isa = XCConfigurationList;
			buildConfigurations = (
				AC46C9D12264FB3B0049E653 /* Debug */,
				AC46C9D22264FB3B0049E653 /* Release */,
			);
			defaultConfigurationIsVisible = 0;
			defaultConfigurationName = Release;
		};
/* End XCConfigurationList section */
	};
	rootObject = AC46C9B62264FB390049E653 /* Project object */;
}
