// !$*UTF8*$!
{
	archiveVersion = 1;
	classes = {
	};
	objectVersion = 50;
	objects = {

/* Begin PBXBuildFile section */
		14E0F5A591B87C14AF139440 /* Pods_BusinessCards.framework in Frameworks */ = {isa = PBXBuildFile; fileRef = 3048CF7687824F5D34BCF63E /* Pods_BusinessCards.framework */; };
		AC46C9C22264FB390049E653 /* AppDelegate.swift in Sources */ = {isa = PBXBuildFile; fileRef = AC46C9C12264FB390049E653 /* AppDelegate.swift */; };
		AC46C9C42264FB390049E653 /* ViewController.swift in Sources */ = {isa = PBXBuildFile; fileRef = AC46C9C32264FB390049E653 /* ViewController.swift */; };
		AC46C9C72264FB390049E653 /* Main.storyboard in Resources */ = {isa = PBXBuildFile; fileRef = AC46C9C52264FB390049E653 /* Main.storyboard */; };
		AC46C9C92264FB3B0049E653 /* Assets.xcassets in Resources */ = {isa = PBXBuildFile; fileRef = AC46C9C82264FB3B0049E653 /* Assets.xcassets */; };
		AC46C9CC2264FB3B0049E653 /* LaunchScreen.storyboard in Resources */ = {isa = PBXBuildFile; fileRef = AC46C9CA2264FB3B0049E653 /* LaunchScreen.storyboard */; };
/* End PBXBuildFile section */

/* Begin PBXFileReference section */
		056AD73C7EFFB5A313992813 /* Pods-BusinessCards.release.xcconfig */ = {isa = PBXFileReference; includeInIndex = 1; lastKnownFileType = text.xcconfig; name = "Pods-BusinessCards.release.xcconfig"; path = "Target Support Files/Pods-BusinessCards/Pods-BusinessCards.release.xcconfig"; sourceTree = "<group>"; };
		3048CF7687824F5D34BCF63E /* Pods_BusinessCards.framework */ = {isa = PBXFileReference; explicitFileType = wrapper.framework; includeInIndex = 0; path = Pods_BusinessCards.framework; sourceTree = BUILT_PRODUCTS_DIR; };
		AC46C9BE2264FB390049E653 /* BusinessCards.app */ = {isa = PBXFileReference; explicitFileType = wrapper.application; includeInIndex = 0; path = BusinessCards.app; sourceTree = BUILT_PRODUCTS_DIR; };
		AC46C9C12264FB390049E653 /* AppDelegate.swift */ = {isa = PBXFileReference; lastKnownFileType = sourcecode.swift; path = AppDelegate.swift; sourceTree = "<group>"; };
		AC46C9C32264FB390049E653 /* ViewController.swift */ = {isa = PBXFileReference; lastKnownFileType = sourcecode.swift; path = ViewController.swift; sourceTree = "<group>"; };
		AC46C9C62264FB390049E653 /* Base */ = {isa = PBXFileReference; lastKnownFileType = file.storyboard; name = Base; path = Base.lproj/Main.storyboard; sourceTree = "<group>"; };
		AC46C9C82264FB3B0049E653 /* Assets.xcassets */ = {isa = PBXFileReference; lastKnownFileType = folder.assetcatalog; path = Assets.xcassets; sourceTree = "<group>"; };
		AC46C9CB2264FB3B0049E653 /* Base */ = {isa = PBXFileReference; lastKnownFileType = file.storyboard; name = Base; path = Base.lproj/LaunchScreen.storyboard; sourceTree = "<group>"; };
		AC46C9CD2264FB3B0049E653 /* Info.plist */ = {isa = PBXFileReference; lastKnownFileType = text.plist.xml; path = Info.plist; sourceTree = "<group>"; };
		CB00804DF25824823E2023BC /* Pods-BusinessCards.debug.xcconfig */ = {isa = PBXFileReference; includeInIndex = 1; lastKnownFileType = text.xcconfig; name = "Pods-BusinessCards.debug.xcconfig"; path = "Target Support Files/Pods-BusinessCards/Pods-BusinessCards.debug.xcconfig"; sourceTree = "<group>"; };
/* End PBXFileReference section */

/* Begin PBXFrameworksBuildPhase section */
		AC46C9BB2264FB390049E653 /* Frameworks */ = {
			isa = PBXFrameworksBuildPhase;
			buildActionMask = 2147483647;
			files = (
				14E0F5A591B87C14AF139440 /* Pods_BusinessCards.framework in Frameworks */,
			);
			runOnlyForDeploymentPostprocessing = 0;
		};
/* End PBXFrameworksBuildPhase section */

/* Begin PBXGroup section */
		461E70E8E6187A9D347CCFA4 /* Frameworks */ = {
			isa = PBXGroup;
			children = (
				3048CF7687824F5D34BCF63E /* Pods_BusinessCards.framework */,
			);
			name = Frameworks;
			sourceTree = "<group>";
		};
		AC46C9B52264FB390049E653 = {
			isa = PBXGroup;
			children = (
				AC46C9C02264FB390049E653 /* BusinessCards */,
				AC46C9BF2264FB390049E653 /* Products */,
				C6F193F08883FCBACB5FE872 /* Pods */,
				461E70E8E6187A9D347CCFA4 /* Frameworks */,
			);
			sourceTree = "<group>";
		};
		AC46C9BF2264FB390049E653 /* Products */ = {
			isa = PBXGroup;
			children = (
				AC46C9BE2264FB390049E653 /* BusinessCards.app */,
			);
			name = Products;
			sourceTree = "<group>";
		};
		AC46C9C02264FB390049E653 /* BusinessCards */ = {
			isa = PBXGroup;
			children = (
				F78B49A722650367007B1873 /* Controllers */,
				F78B49A62265035A007B1873 /* Storyboards */,
				F78B49A522650337007B1873 /* Resources */,
			);
			path = BusinessCards;
			sourceTree = "<group>";
		};
		C6F193F08883FCBACB5FE872 /* Pods */ = {
			isa = PBXGroup;
			children = (
				CB00804DF25824823E2023BC /* Pods-BusinessCards.debug.xcconfig */,
				056AD73C7EFFB5A313992813 /* Pods-BusinessCards.release.xcconfig */,
			);
			path = Pods;
			sourceTree = "<group>";
		};
		F78B49A522650337007B1873 /* Resources */ = {
			isa = PBXGroup;
			children = (
				AC46C9CD2264FB3B0049E653 /* Info.plist */,
				AC46C9C82264FB3B0049E653 /* Assets.xcassets */,
				AC46C9C12264FB390049E653 /* AppDelegate.swift */,
			);
			path = Resources;
			sourceTree = "<group>";
		};
		F78B49A62265035A007B1873 /* Storyboards */ = {
			isa = PBXGroup;
			children = (
				AC46C9CA2264FB3B0049E653 /* LaunchScreen.storyboard */,
				AC46C9C52264FB390049E653 /* Main.storyboard */,
			);
			path = Storyboards;
			sourceTree = "<group>";
		};
		F78B49A722650367007B1873 /* Controllers */ = {
			isa = PBXGroup;
			children = (
				AC46C9C32264FB390049E653 /* ViewController.swift */,
			);
			path = Controllers;
			sourceTree = "<group>";
		};
/* End PBXGroup section */

/* Begin PBXNativeTarget section */
		AC46C9BD2264FB390049E653 /* BusinessCards */ = {
			isa = PBXNativeTarget;
			buildConfigurationList = AC46C9D02264FB3B0049E653 /* Build configuration list for PBXNativeTarget "BusinessCards" */;
			buildPhases = (
				C3B42A9C4417ACECD82E9298 /* [CP] Check Pods Manifest.lock */,
				AC46C9BA2264FB390049E653 /* Sources */,
				AC46C9BB2264FB390049E653 /* Frameworks */,
				AC46C9BC2264FB390049E653 /* Resources */,
				9CF6619C371356391F4B465F /* [CP] Embed Pods Frameworks */,
				F78B49A4226502D9007B1873 /* SwiftLint */,
			);
			buildRules = (
			);
			dependencies = (
			);
			name = BusinessCards;
			productName = BusinessCards;
			productReference = AC46C9BE2264FB390049E653 /* BusinessCards.app */;
			productType = "com.apple.product-type.application";
		};
/* End PBXNativeTarget section */

/* Begin PBXProject section */
		AC46C9B62264FB390049E653 /* Project object */ = {
			isa = PBXProject;
			attributes = {
				LastSwiftUpdateCheck = 1010;
				LastUpgradeCheck = 1010;
				ORGANIZATIONNAME = "Artem Boltunov";
				TargetAttributes = {
					AC46C9BD2264FB390049E653 = {
						CreatedOnToolsVersion = 10.1;
					};
				};
			};
			buildConfigurationList = AC46C9B92264FB390049E653 /* Build configuration list for PBXProject "BusinessCards" */;
			compatibilityVersion = "Xcode 9.3";
			developmentRegion = en;
			hasScannedForEncodings = 0;
			knownRegions = (
				en,
				Base,
			);
			mainGroup = AC46C9B52264FB390049E653;
			productRefGroup = AC46C9BF2264FB390049E653 /* Products */;
			projectDirPath = "";
			projectRoot = "";
			targets = (
				AC46C9BD2264FB390049E653 /* BusinessCards */,
			);
		};
/* End PBXProject section */

/* Begin PBXResourcesBuildPhase section */
		AC46C9BC2264FB390049E653 /* Resources */ = {
			isa = PBXResourcesBuildPhase;
			buildActionMask = 2147483647;
			files = (
				AC46C9CC2264FB3B0049E653 /* LaunchScreen.storyboard in Resources */,
				AC46C9C92264FB3B0049E653 /* Assets.xcassets in Resources */,
				AC46C9C72264FB390049E653 /* Main.storyboard in Resources */,
			);
			runOnlyForDeploymentPostprocessing = 0;
		};
/* End PBXResourcesBuildPhase section */

/* Begin PBXShellScriptBuildPhase section */
		9CF6619C371356391F4B465F /* [CP] Embed Pods Frameworks */ = {
			isa = PBXShellScriptBuildPhase;
			buildActionMask = 2147483647;
			files = (
			);
			inputFileListPaths = (
			);
			inputPaths = (
				"${PODS_ROOT}/Target Support Files/Pods-BusinessCards/Pods-BusinessCards-frameworks.sh",
				"${BUILT_PRODUCTS_DIR}/Realm/Realm.framework",
				"${BUILT_PRODUCTS_DIR}/RealmSwift/RealmSwift.framework",
			);
			name = "[CP] Embed Pods Frameworks";
			outputFileListPaths = (
			);
			outputPaths = (
				"${TARGET_BUILD_DIR}/${FRAMEWORKS_FOLDER_PATH}/Realm.framework",
				"${TARGET_BUILD_DIR}/${FRAMEWORKS_FOLDER_PATH}/RealmSwift.framework",
			);
			runOnlyForDeploymentPostprocessing = 0;
			shellPath = /bin/sh;
			shellScript = "\"${PODS_ROOT}/Target Support Files/Pods-BusinessCards/Pods-BusinessCards-frameworks.sh\"\n";
			showEnvVarsInLog = 0;
		};
		C3B42A9C4417ACECD82E9298 /* [CP] Check Pods Manifest.lock */ = {
			isa = PBXShellScriptBuildPhase;
			buildActionMask = 2147483647;
			files = (
			);
			inputFileListPaths = (
			);
			inputPaths = (
				"${PODS_PODFILE_DIR_PATH}/Podfile.lock",
				"${PODS_ROOT}/Manifest.lock",
			);
			name = "[CP] Check Pods Manifest.lock";
			outputFileListPaths = (
			);
			outputPaths = (
				"$(DERIVED_FILE_DIR)/Pods-BusinessCards-checkManifestLockResult.txt",
			);
			runOnlyForDeploymentPostprocessing = 0;
			shellPath = /bin/sh;
			shellScript = "diff \"${PODS_PODFILE_DIR_PATH}/Podfile.lock\" \"${PODS_ROOT}/Manifest.lock\" > /dev/null\nif [ $? != 0 ] ; then\n    # print error to STDERR\n    echo \"error: The sandbox is not in sync with the Podfile.lock. Run 'pod install' or update your CocoaPods installation.\" >&2\n    exit 1\nfi\n# This output is used by Xcode 'outputs' to avoid re-running this script phase.\necho \"SUCCESS\" > \"${SCRIPT_OUTPUT_FILE_0}\"\n";
			showEnvVarsInLog = 0;
		};
		F78B49A4226502D9007B1873 /* SwiftLint */ = {
			isa = PBXShellScriptBuildPhase;
			buildActionMask = 2147483647;
			files = (
			);
			inputFileListPaths = (
			);
			inputPaths = (
			);
			name = SwiftLint;
			outputFileListPaths = (
			);
			outputPaths = (
			);
			runOnlyForDeploymentPostprocessing = 0;
			shellPath = /bin/sh;
			shellScript = "\"${PODS_ROOT}/SwiftLint/swiftlint\"\n";
		};
/* End PBXShellScriptBuildPhase section */

/* Begin PBXSourcesBuildPhase section */
		AC46C9BA2264FB390049E653 /* Sources */ = {
			isa = PBXSourcesBuildPhase;
			buildActionMask = 2147483647;
			files = (
				AC46C9C42264FB390049E653 /* ViewController.swift in Sources */,
				AC46C9C22264FB390049E653 /* AppDelegate.swift in Sources */,
			);
			runOnlyForDeploymentPostprocessing = 0;
		};
/* End PBXSourcesBuildPhase section */

/* Begin PBXVariantGroup section */
		AC46C9C52264FB390049E653 /* Main.storyboard */ = {
			isa = PBXVariantGroup;
			children = (
				AC46C9C62264FB390049E653 /* Base */,
			);
			name = Main.storyboard;
			sourceTree = "<group>";
		};
		AC46C9CA2264FB3B0049E653 /* LaunchScreen.storyboard */ = {
			isa = PBXVariantGroup;
			children = (
				AC46C9CB2264FB3B0049E653 /* Base */,
			);
			name = LaunchScreen.storyboard;
			sourceTree = "<group>";
		};
/* End PBXVariantGroup section */

/* Begin XCBuildConfiguration section */
		AC46C9CE2264FB3B0049E653 /* Debug */ = {
			isa = XCBuildConfiguration;
			buildSettings = {
				ALWAYS_SEARCH_USER_PATHS = NO;
				CLANG_ANALYZER_NONNULL = YES;
				CLANG_ANALYZER_NUMBER_OBJECT_CONVERSION = YES_AGGRESSIVE;
				CLANG_CXX_LANGUAGE_STANDARD = "gnu++14";
				CLANG_CXX_LIBRARY = "libc++";
				CLANG_ENABLE_MODULES = YES;
				CLANG_ENABLE_OBJC_ARC = YES;
				CLANG_ENABLE_OBJC_WEAK = YES;
				CLANG_WARN_BLOCK_CAPTURE_AUTORELEASING = YES;
				CLANG_WARN_BOOL_CONVERSION = YES;
				CLANG_WARN_COMMA = YES;
				CLANG_WARN_CONSTANT_CONVERSION = YES;
				CLANG_WARN_DEPRECATED_OBJC_IMPLEMENTATIONS = YES;
				CLANG_WARN_DIRECT_OBJC_ISA_USAGE = YES_ERROR;
				CLANG_WARN_DOCUMENTATION_COMMENTS = YES;
				CLANG_WARN_EMPTY_BODY = YES;
				CLANG_WARN_ENUM_CONVERSION = YES;
				CLANG_WARN_INFINITE_RECURSION = YES;
				CLANG_WARN_INT_CONVERSION = YES;
				CLANG_WARN_NON_LITERAL_NULL_CONVERSION = YES;
				CLANG_WARN_OBJC_IMPLICIT_RETAIN_SELF = YES;
				CLANG_WARN_OBJC_LITERAL_CONVERSION = YES;
				CLANG_WARN_OBJC_ROOT_CLASS = YES_ERROR;
				CLANG_WARN_RANGE_LOOP_ANALYSIS = YES;
				CLANG_WARN_STRICT_PROTOTYPES = YES;
				CLANG_WARN_SUSPICIOUS_MOVE = YES;
				CLANG_WARN_UNGUARDED_AVAILABILITY = YES_AGGRESSIVE;
				CLANG_WARN_UNREACHABLE_CODE = YES;
				CLANG_WARN__DUPLICATE_METHOD_MATCH = YES;
				CODE_SIGN_IDENTITY = "iPhone Developer";
				COPY_PHASE_STRIP = NO;
				DEBUG_INFORMATION_FORMAT = dwarf;
				ENABLE_STRICT_OBJC_MSGSEND = YES;
				ENABLE_TESTABILITY = YES;
				GCC_C_LANGUAGE_STANDARD = gnu11;
				GCC_DYNAMIC_NO_PIC = NO;
				GCC_NO_COMMON_BLOCKS = YES;
				GCC_OPTIMIZATION_LEVEL = 0;
				GCC_PREPROCESSOR_DEFINITIONS = (
					"DEBUG=1",
					"$(inherited)",
				);
				GCC_WARN_64_TO_32_BIT_CONVERSION = YES;
				GCC_WARN_ABOUT_RETURN_TYPE = YES_ERROR;
				GCC_WARN_UNDECLARED_SELECTOR = YES;
				GCC_WARN_UNINITIALIZED_AUTOS = YES_AGGRESSIVE;
				GCC_WARN_UNUSED_FUNCTION = YES;
				GCC_WARN_UNUSED_VARIABLE = YES;
				IPHONEOS_DEPLOYMENT_TARGET = 12.0;
				MTL_ENABLE_DEBUG_INFO = INCLUDE_SOURCE;
				MTL_FAST_MATH = YES;
				ONLY_ACTIVE_ARCH = YES;
				SDKROOT = iphoneos;
				SWIFT_ACTIVE_COMPILATION_CONDITIONS = DEBUG;
				SWIFT_OPTIMIZATION_LEVEL = "-Onone";
			};
			name = Debug;
		};
		AC46C9CF2264FB3B0049E653 /* Release */ = {
			isa = XCBuildConfiguration;
			buildSettings = {
				ALWAYS_SEARCH_USER_PATHS = NO;
				CLANG_ANALYZER_NONNULL = YES;
				CLANG_ANALYZER_NUMBER_OBJECT_CONVERSION = YES_AGGRESSIVE;
				CLANG_CXX_LANGUAGE_STANDARD = "gnu++14";
				CLANG_CXX_LIBRARY = "libc++";
				CLANG_ENABLE_MODULES = YES;
				CLANG_ENABLE_OBJC_ARC = YES;
				CLANG_ENABLE_OBJC_WEAK = YES;
				CLANG_WARN_BLOCK_CAPTURE_AUTORELEASING = YES;
				CLANG_WARN_BOOL_CONVERSION = YES;
				CLANG_WARN_COMMA = YES;
				CLANG_WARN_CONSTANT_CONVERSION = YES;
				CLANG_WARN_DEPRECATED_OBJC_IMPLEMENTATIONS = YES;
				CLANG_WARN_DIRECT_OBJC_ISA_USAGE = YES_ERROR;
				CLANG_WARN_DOCUMENTATION_COMMENTS = YES;
				CLANG_WARN_EMPTY_BODY = YES;
				CLANG_WARN_ENUM_CONVERSION = YES;
				CLANG_WARN_INFINITE_RECURSION = YES;
				CLANG_WARN_INT_CONVERSION = YES;
				CLANG_WARN_NON_LITERAL_NULL_CONVERSION = YES;
				CLANG_WARN_OBJC_IMPLICIT_RETAIN_SELF = YES;
				CLANG_WARN_OBJC_LITERAL_CONVERSION = YES;
				CLANG_WARN_OBJC_ROOT_CLASS = YES_ERROR;
				CLANG_WARN_RANGE_LOOP_ANALYSIS = YES;
				CLANG_WARN_STRICT_PROTOTYPES = YES;
				CLANG_WARN_SUSPICIOUS_MOVE = YES;
				CLANG_WARN_UNGUARDED_AVAILABILITY = YES_AGGRESSIVE;
				CLANG_WARN_UNREACHABLE_CODE = YES;
				CLANG_WARN__DUPLICATE_METHOD_MATCH = YES;
				CODE_SIGN_IDENTITY = "iPhone Developer";
				COPY_PHASE_STRIP = NO;
				DEBUG_INFORMATION_FORMAT = "dwarf-with-dsym";
				ENABLE_NS_ASSERTIONS = NO;
				ENABLE_STRICT_OBJC_MSGSEND = YES;
				GCC_C_LANGUAGE_STANDARD = gnu11;
				GCC_NO_COMMON_BLOCKS = YES;
				GCC_WARN_64_TO_32_BIT_CONVERSION = YES;
				GCC_WARN_ABOUT_RETURN_TYPE = YES_ERROR;
				GCC_WARN_UNDECLARED_SELECTOR = YES;
				GCC_WARN_UNINITIALIZED_AUTOS = YES_AGGRESSIVE;
				GCC_WARN_UNUSED_FUNCTION = YES;
				GCC_WARN_UNUSED_VARIABLE = YES;
				IPHONEOS_DEPLOYMENT_TARGET = 12.0;
				MTL_ENABLE_DEBUG_INFO = NO;
				MTL_FAST_MATH = YES;
				SDKROOT = iphoneos;
				SWIFT_COMPILATION_MODE = wholemodule;
				SWIFT_OPTIMIZATION_LEVEL = "-O";
				VALIDATE_PRODUCT = YES;
			};
			name = Release;
		};
		AC46C9D12264FB3B0049E653 /* Debug */ = {
			isa = XCBuildConfiguration;
			baseConfigurationReference = CB00804DF25824823E2023BC /* Pods-BusinessCards.debug.xcconfig */;
			buildSettings = {
				ASSETCATALOG_COMPILER_APPICON_NAME = AppIcon;
				CODE_SIGN_STYLE = Automatic;
				DEVELOPMENT_TEAM = 7S5RDK7P3Q;
				INFOPLIST_FILE = BusinessCards/Info.plist;
				LD_RUNPATH_SEARCH_PATHS = (
					"$(inherited)",
					"@executable_path/Frameworks",
				);
				PRODUCT_BUNDLE_IDENTIFIER = com.artem.BusinessCards;
				PRODUCT_NAME = "$(TARGET_NAME)";
				SWIFT_VERSION = 4.2;
				TARGETED_DEVICE_FAMILY = "1,2";
			};
			name = Debug;
		};
		AC46C9D22264FB3B0049E653 /* Release */ = {
			isa = XCBuildConfiguration;
			baseConfigurationReference = 056AD73C7EFFB5A313992813 /* Pods-BusinessCards.release.xcconfig */;
			buildSettings = {
				ASSETCATALOG_COMPILER_APPICON_NAME = AppIcon;
				CODE_SIGN_STYLE = Automatic;
				DEVELOPMENT_TEAM = 7S5RDK7P3Q;
				INFOPLIST_FILE = BusinessCards/Info.plist;
				LD_RUNPATH_SEARCH_PATHS = (
					"$(inherited)",
					"@executable_path/Frameworks",
				);
				PRODUCT_BUNDLE_IDENTIFIER = com.artem.BusinessCards;
				PRODUCT_NAME = "$(TARGET_NAME)";
				SWIFT_VERSION = 4.2;
				TARGETED_DEVICE_FAMILY = "1,2";
			};
			name = Release;
		};
/* End XCBuildConfiguration section */

/* Begin XCConfigurationList section */
		AC46C9B92264FB390049E653 /* Build configuration list for PBXProject "BusinessCards" */ = {
			isa = XCConfigurationList;
			buildConfigurations = (
				AC46C9CE2264FB3B0049E653 /* Debug */,
				AC46C9CF2264FB3B0049E653 /* Release */,
			);
			defaultConfigurationIsVisible = 0;
			defaultConfigurationName = Release;
		};
		AC46C9D02264FB3B0049E653 /* Build configuration list for PBXNativeTarget "BusinessCards" */ = {
			isa = XCConfigurationList;
			buildConfigurations = (
				AC46C9D12264FB3B0049E653 /* Debug */,
				AC46C9D22264FB3B0049E653 /* Release */,
			);
			defaultConfigurationIsVisible = 0;
			defaultConfigurationName = Release;
		};
/* End XCConfigurationList section */
	};
	rootObject = AC46C9B62264FB390049E653 /* Project object */;
}
