PODS:
  - Realm (3.14.2):
    - Realm/Headers (= 3.14.2)
  - Realm/Headers (3.14.2)
  - RealmSwift (3.14.2):
    - Realm (= 3.14.2)
  - Reusable (4.0.5):
    - Reusable/Storyboard (= 4.0.5)
    - Reusable/View (= 4.0.5)
  - Reusable/Storyboard (4.0.5)
  - Reusable/View (4.0.5)
  - SwiftLint (0.32.0)
  - Then (2.4.0)

DEPENDENCIES:
  - RealmSwift
  - Reusable
  - SwiftLint
  - Then

SPEC REPOS:
  https://github.com/cocoapods/specs.git:
    - Realm
    - RealmSwift
    - Reusable
    - SwiftLint
    - Then

SPEC CHECKSUMS:
  Realm: 179c6706e3a49dbfe112e572fd3c03d3169bea35
  RealmSwift: 1797f272fb51c555b764fada32e82159a2c65247
  Reusable: 188be1a54ac0691bc66e5bb24ec6eb91971b315b
  SwiftLint: 009a898ef2a1c851f45e1b59349bf6ff2ddc990d
  Then: 71866660c7af35a7343831f7668e7cd2b62ee0f2

PODFILE CHECKSUM: 5388ebee17bdda128251197127f4e75a8f9376e6

COCOAPODS: 1.6.1
