PODS:
  - Alamofire (4.8.2)
  - Realm (3.17.0):
    - Realm/Headers (= 3.17.0)
  - Realm/Headers (3.17.0)
  - RealmSwift (3.17.0):
    - Realm (= 3.17.0)
  - Reusable (4.1.0):
    - Reusable/Storyboard (= 4.1.0)
    - Reusable/View (= 4.1.0)
  - Reusable/Storyboard (4.1.0)
  - Reusable/View (4.1.0)
  - SwiftLint (0.33.0)
  - Then (2.5.0)

DEPENDENCIES:
  - Alamofire
  - RealmSwift
  - Reusable
  - SwiftLint
  - Then

SPEC REPOS:
  https://github.com/cocoapods/specs.git:
    - Alamofire
    - Realm
    - RealmSwift
    - Reusable
    - SwiftLint
    - Then

SPEC CHECKSUMS:
  Alamofire: ae5c501addb7afdbb13687d7f2f722c78734c2d3
  Realm: b30db41ff34fc858ffc25ba8d44a82c164e7ccd0
  RealmSwift: fe733e459d60dc7b6971d4cbee2eb4854097d12c
  Reusable: 82be188f29d96dc5eff0db7b2393bcc08d2cdd5b
  SwiftLint: fed9c66336e41fc74dc48a73678380718f0c8b0e
  Then: 0157115e883545c77967b452fe74a1d25fb796e1

PODFILE CHECKSUM: 0bd776613234aec86b7c582d003a61779122a74e

COCOAPODS: 1.6.1
